
Microsoft Visual Studio Solution File, Format Version 12.00
# Visual Studio Version 17
VisualStudioVersion = 17.0.31912.275
MinimumVisualStudioVersion = 10.0.40219.1
Project("{FAE04EC0-301F-11D3-BF4B-00C04F79EFBC}") = "PlatformService", "PlatformService.csproj", "{96250089-B0B0-4F32-B810-B007A3452E07}"
EndProject
Global
	GlobalSection(SolutionConfigurationPlatforms) = preSolution
		Debug|Any CPU = Debug|Any CPU
		Release|Any CPU = Release|Any CPU
	EndGlobalSection
	GlobalSection(ProjectConfigurationPlatforms) = postSolution
		{96250089-B0B0-4F32-B810-B007A3452E07}.Debug|Any CPU.ActiveCfg = Debug|Any CPU
		{96250089-B0B0-4F32-B810-B007A3452E07}.Debug|Any CPU.Build.0 = Debug|Any CPU
		{96250089-B0B0-4F32-B810-B007A3452E07}.Release|Any CPU.ActiveCfg = Release|Any CPU
		{96250089-B0B0-4F32-B810-B007A3452E07}.Release|Any CPU.Build.0 = Release|Any CPU
	EndGlobalSection
	GlobalSection(SolutionProperties) = preSolution
		HideSolutionNode = FALSE
	EndGlobalSection
	GlobalSection(ExtensibilityGlobals) = postSolution
		SolutionGuid = {7C662580-699A-4847-9B65-5C7E46789AAA}
	EndGlobalSection
EndGlobal
